
Microsoft Visual Studio Solution File, Format Version 12.00
# Visual Studio 2012
Project("{FAE04EC0-301F-11D3-BF4B-00C04F79EFBC}") = "getCongressVotes", "getCongressVotes\getCongressVotes.csproj", "{1EF5280E-9E9F-4907-B4F8-C2D8218840ED}"
EndProject
Global
	GlobalSection(SolutionConfigurationPlatforms) = preSolution
		Debug|Any CPU = Debug|Any CPU
		Release|Any CPU = Release|Any CPU
	EndGlobalSection
	GlobalSection(ProjectConfigurationPlatforms) = postSolution
		{1EF5280E-9E9F-4907-B4F8-C2D8218840ED}.Debug|Any CPU.ActiveCfg = Debug|Any CPU
		{1EF5280E-9E9F-4907-B4F8-C2D8218840ED}.Debug|Any CPU.Build.0 = Debug|Any CPU
		{1EF5280E-9E9F-4907-B4F8-C2D8218840ED}.Release|Any CPU.ActiveCfg = Release|Any CPU
		{1EF5280E-9E9F-4907-B4F8-C2D8218840ED}.Release|Any CPU.Build.0 = Release|Any CPU
	EndGlobalSection
	GlobalSection(SolutionProperties) = preSolution
		HideSolutionNode = FALSE
	EndGlobalSection
EndGlobal
